PODS:
  - HockeySDK (5.1.4):
    - HockeySDK/DefaultLib (= 5.1.4)
  - HockeySDK/DefaultLib (5.1.4)

DEPENDENCIES:
  - HockeySDK

SPEC REPOS:
  https://github.com/CocoaPods/Specs.git:
    - HockeySDK

SPEC CHECKSUMS:
  HockeySDK: 15afe6bc0a5bfe3a531fd73dbf082095f37dac3b

PODFILE CHECKSUM: 9f68c960275df95b3d97f12267d5c06cdffa5fc8

COCOAPODS: 1.5.0
